{
  "name": "frc-app",
  "version": "v2.0.6",
  "lockfileVersion": 1,
  "requires": true,
  "dependencies": {
    "@electron/remote": {
      "version": "1.2.0",
      "resolved": "https://registry.npmjs.org/@electron/remote/-/remote-1.2.0.tgz",
      "integrity": "sha512-C774t2DFVJsa+dxU9Gc2nYzylRZoJ79I0Sxrh8T9cN69fBkntfGbyBEQiD9UfZopqL0CYLzk1anY2Ywhql6h1w=="
    },
    "@types/semver": {
      "version": "7.3.10",
      "resolved": "https://registry.npmjs.org/@types/semver/-/semver-7.3.10.tgz",
      "integrity": "sha512-zsv3fsC7S84NN6nPK06u79oWgrPVd0NvOyqgghV1haPaFcVxIrP4DLomRwGAXk0ui4HZA7mOcSFL98sMVW9viw=="
    },
    "argparse": {
      "version": "2.0.1",
      "resolved": "https://registry.npmjs.org/argparse/-/argparse-2.0.1.tgz",
      "integrity": "sha512-8+9WqebbFzpX9OR+Wa6O29asIogeRMzcGtAINdpMHHyAg10f05aSFVBbcEqGf/PXw1EjAZ+q2/bEBg3DvurK3Q=="
    },
    "builder-util-runtime": {
      "version": "9.0.0",
      "resolved": "https://registry.npmjs.org/builder-util-runtime/-/builder-util-runtime-9.0.0.tgz",
      "integrity": "sha512-SkpEtSmTkREDHRJnxKEv43aAYp8sYWY8fxYBhGLBLOBIRXeaIp6Kv3lBgSD7uR8jQtC7CA659sqJrpSV6zNvSA==",
      "requires": {
        "debug": "^4.3.2",
        "sax": "^1.2.4"
      }
    },
    "debug": {
      "version": "4.3.4",
      "resolved": "https://registry.npmjs.org/debug/-/debug-4.3.4.tgz",
      "integrity": "sha512-PRWFHuSU3eDtQJPvnNY7Jcket1j0t5OuOsFzPPzsekD52Zl8qUfFIPEiswXqIvHWGVHOgX+7G/vCNNhehwxfkQ==",
      "requires": {
        "ms": "2.1.2"
      }
    },
    "electron-is-dev": {
      "version": "2.0.0",
      "resolved": "https://registry.npmjs.org/electron-is-dev/-/electron-is-dev-2.0.0.tgz",
      "integrity": "sha512-3X99K852Yoqu9AcW50qz3ibYBWY79/pBhlMCab8ToEWS48R0T9tyxRiQhwylE7zQdXrMnx2JKqUJyMPmt5FBqA=="
    },
    "electron-log": {
      "version": "4.4.7",
      "resolved": "https://registry.npmjs.org/electron-log/-/electron-log-4.4.7.tgz",
      "integrity": "sha512-uFZQdgevOp9Fn5lDOrJMU/bmmYxDLZitbIHJM7VXN+cpB59ZnPt1FQL4bOf/Dl2gaIMPYJEfXx38GvJma5iV6A=="
    },
    "electron-updater": {
      "version": "5.0.1",
      "resolved": "https://registry.npmjs.org/electron-updater/-/electron-updater-5.0.1.tgz",
      "integrity": "sha512-dNnXPCqYmergXy3jgg4UICuD50Orug9GQe/5xfHy+BE2Fy0icB0QE+y6iQWdCDf7yeONxwMBf4HgIkGG5pIaVg==",
      "requires": {
        "@types/semver": "^7.3.6",
        "builder-util-runtime": "9.0.0",
        "fs-extra": "^10.0.0",
        "js-yaml": "^4.1.0",
        "lazy-val": "^1.0.5",
        "lodash.escaperegexp": "^4.1.2",
        "lodash.isequal": "^4.5.0",
        "semver": "^7.3.5"
      },
      "dependencies": {
        "fs-extra": {
          "version": "10.1.0",
          "resolved": "https://registry.npmjs.org/fs-extra/-/fs-extra-10.1.0.tgz",
          "integrity": "sha512-oRXApq54ETRj4eMiFzGnHWGy+zo5raudjuxN0b8H7s/RU2oW0Wvsx9O0ACRN/kRq9E8Vu/ReskGB5o3ji+FzHQ==",
          "requires": {
            "graceful-fs": "^4.2.0",
            "jsonfile": "^6.0.1",
            "universalify": "^2.0.0"
          }
        },
        "jsonfile": {
          "version": "6.1.0",
          "resolved": "https://registry.npmjs.org/jsonfile/-/jsonfile-6.1.0.tgz",
          "integrity": "sha512-5dgndWOriYSm5cnYaJNhalLNDKOqFwyDB/rr1E9ZsGciGvKPs8R2xYGCacuf3z6K1YKDz182fd+fY3cn3pMqXQ==",
          "requires": {
            "graceful-fs": "^4.1.6",
            "universalify": "^2.0.0"
          }
        },
        "semver": {
          "version": "7.3.7",
          "resolved": "https://registry.npmjs.org/semver/-/semver-7.3.7.tgz",
          "integrity": "sha512-QlYTucUYOews+WeEujDoEGziz4K6c47V/Bd+LjSSYcA94p+DmINdf7ncaUinThfvZyu13lN9OY1XDxt8C0Tw0g==",
          "requires": {
            "lru-cache": "^6.0.0"
          }
        },
        "universalify": {
          "version": "2.0.0",
          "resolved": "https://registry.npmjs.org/universalify/-/universalify-2.0.0.tgz",
          "integrity": "sha512-hAZsKq7Yy11Zu1DE0OzWjw7nnLZmJZYTDZZyEFHZdUhV8FkH5MCfoU1XMaxXovpyW5nq5scPqq0ZDP9Zyl04oQ=="
        }
      }
    },
    "github-url-to-object": {
      "version": "4.0.6",
      "resolved": "https://registry.npmjs.org/github-url-to-object/-/github-url-to-object-4.0.6.tgz",
      "integrity": "sha512-NaqbYHMUAlPcmWFdrAB7bcxrNIiiJWJe8s/2+iOc9vlcHlwHqSGrPk+Yi3nu6ebTwgsZEa7igz+NH2vEq3gYwQ==",
      "requires": {
        "is-url": "^1.1.0"
      }
    },
    "graceful-fs": {
      "version": "4.2.10",
      "resolved": "https://registry.npmjs.org/graceful-fs/-/graceful-fs-4.2.10.tgz",
      "integrity": "sha512-9ByhssR2fPVsNZj478qUUbKfmL0+t5BDVyjShtyZZLiK7ZDAArFFfopyOTj0M05wE2tJPisA4iTnnXl2YoPvOA=="
    },
    "is-url": {
      "version": "1.2.4",
      "resolved": "https://registry.npmjs.org/is-url/-/is-url-1.2.4.tgz",
      "integrity": "sha512-ITvGim8FhRiYe4IQ5uHSkj7pVaPDrCTkNd3yq3cV7iZAcJdHTUMPMEHcqSOy9xZ9qFenQCvi+2wjH9a1nXqHww=="
    },
    "js-yaml": {
      "version": "4.1.0",
      "resolved": "https://registry.npmjs.org/js-yaml/-/js-yaml-4.1.0.tgz",
      "integrity": "sha512-wpxZs9NoxZaJESJGIZTyDEaYpl0FKSA+FB9aJiyemKhMwkxQg63h4T1KJgUGHpTqPDNRcmmYLugrRjJlBtWvRA==",
      "requires": {
        "argparse": "^2.0.1"
      }
    },
    "lazy-val": {
      "version": "1.0.5",
      "resolved": "https://registry.npmjs.org/lazy-val/-/lazy-val-1.0.5.tgz",
      "integrity": "sha512-0/BnGCCfyUMkBpeDgWihanIAF9JmZhHBgUhEqzvf+adhNGLoP6TaiI5oF8oyb3I45P+PcnrqihSf01M0l0G5+Q=="
    },
    "lodash.escaperegexp": {
      "version": "4.1.2",
      "resolved": "https://registry.npmjs.org/lodash.escaperegexp/-/lodash.escaperegexp-4.1.2.tgz",
      "integrity": "sha512-TM9YBvyC84ZxE3rgfefxUWiQKLilstD6k7PTGt6wfbtXF8ixIJLOL3VYyV/z+ZiPLsVxAsKAFVwWlWeb2Y8Yyw=="
    },
    "lodash.isequal": {
      "version": "4.5.0",
      "resolved": "https://registry.npmjs.org/lodash.isequal/-/lodash.isequal-4.5.0.tgz",
      "integrity": "sha512-pDo3lu8Jhfjqls6GkMgpahsF9kCyayhgykjyLMNFTKWrpVdAQtYyB4muAMWozBB4ig/dtWAmsMxLEI8wuz+DYQ=="
    },
    "lru-cache": {
      "version": "6.0.0",
      "resolved": "https://registry.npmjs.org/lru-cache/-/lru-cache-6.0.0.tgz",
      "integrity": "sha512-Jo6dJ04CmSjuznwJSS3pUeWmd/H0ffTlkXXgwZi+eq1UCmqQwCh+eLsYOYCwY991i2Fah4h1BEMCx4qThGbsiA==",
      "requires": {
        "yallist": "^4.0.0"
      }
    },
    "ms": {
      "version": "2.1.2",
      "resolved": "https://registry.npmjs.org/ms/-/ms-2.1.2.tgz",
      "integrity": "sha512-sGkPx+VjMtmA6MX27oA4FBFELFCZZ4S4XqeGOXCv68tT+jb3vk/RyaKWP0PTKyWtmLSM0b+adUTEvbs1PEaH2w=="
    },
    "sax": {
      "version": "1.2.4",
      "resolved": "https://registry.npmjs.org/sax/-/sax-1.2.4.tgz",
      "integrity": "sha512-NqVDv9TpANUjFm0N8uM5GxL36UgKi9/atZw+x7YFnQ8ckwFGKrl4xX4yWtrey3UJm5nP1kUbnYgLopqWNSRhWw=="
    },
    "update-electron-app": {
      "version": "2.0.1",
      "resolved": "https://registry.npmjs.org/update-electron-app/-/update-electron-app-2.0.1.tgz",
      "integrity": "sha512-e4xEner89UZZaBGYJbYlMdL1uUrC0VjOsTAL2N4opPjzFtn+j7mdsJJsnyXZzUVeLY+8tuCX4XEsUM98oBHmZg==",
      "requires": {
        "electron-is-dev": "^0.3.0",
        "github-url-to-object": "^4.0.4",
        "is-url": "^1.2.4",
        "ms": "^2.1.1"
      },
      "dependencies": {
        "electron-is-dev": {
          "version": "0.3.0",
          "resolved": "https://registry.npmjs.org/electron-is-dev/-/electron-is-dev-0.3.0.tgz",
          "integrity": "sha512-jLttuuq8QK67n3mXmIe9pkrO7IH3LGIk12xJkhTmc852U2sCJaRAOpRGPSh+1Xnzck5v9escd9YXzuze9nGejg=="
        }
      }
    },
    "yallist": {
      "version": "4.0.0",
      "resolved": "https://registry.npmjs.org/yallist/-/yallist-4.0.0.tgz",
      "integrity": "sha512-3wdGidZyq5PB084XLES5TpOSRA3wjXAlIWMhum2kRcv/41Sn2emQ0dycQW4uZXLejwKvg6EsvbdlVL+FYEct7A=="
    }
  }
}
